%{
  "beam_notify": {:hex, :beam_notify, "1.1.0", "4ce38e27460a3c03b6f77c10c6f31458b035ebb1035cd52d4b3e771311837dba", [:make, :mix], [{:elixir_make, "~> 0.6", [hex: :elixir_make, repo: "hexpm", optional: false]}], "hexpm", "8547a310702bfcea0e401534398617b940808ff6ad10c43dddc85c169de7b9cc"},
  "castore": {:hex, :castore, "1.0.4", "ff4d0fb2e6411c0479b1d965a814ea6d00e51eb2f58697446e9c41a97d940b28", [:mix], [], "hexpm", "9418c1b8144e11656f0be99943db4caf04612e3eaecefb5dae9a2a87565584f8"},
  "circular_buffer": {:hex, :circular_buffer, "0.4.1", "477f370fd8cfe1787b0a1bade6208bbd274b34f1610e41f1180ba756a7679839", [:mix], [], "hexpm", "633ef2e059dde0d7b89bbab13b1da9d04c6685e80e68fbdf41282d4fae746b72"},
  "elixir_make": {:hex, :elixir_make, "0.7.7", "7128c60c2476019ed978210c245badf08b03dbec4f24d05790ef791da11aa17c", [:mix], [{:castore, "~> 0.1 or ~> 1.0", [hex: :castore, repo: "hexpm", optional: true]}], "hexpm", "5bc19fff950fad52bbe5f211b12db9ec82c6b34a9647da0c2224b8b8464c7e6c"},
  "erlexec": {:hex, :erlexec, "2.0.2", "995e40477de94c37ec1264cc3e52eb6273938e80c9bcc4f94110a3f1c0d9aba3", [:rebar3], [], "hexpm", "cc829a7c6c23d399832da2e998ea5ebc552232a6fe3eb1edb400178ec8287dcb"},
  "gen_state_machine": {:hex, :gen_state_machine, "3.0.0", "1e57f86a494e5c6b14137ebef26a7eb342b3b0070c7135f2d6768ed3f6b6cdff", [:mix], [], "hexpm", "0a59652574bebceb7309f6b749d2a41b45fdeda8dbb4da0791e355dd19f0ed15"},
  "jason": {:hex, :jason, "1.4.1", "af1504e35f629ddcdd6addb3513c3853991f694921b1b9368b0bd32beb9f1b63", [:mix], [{:decimal, "~> 1.0 or ~> 2.0", [hex: :decimal, repo: "hexpm", optional: true]}], "hexpm", "fbb01ecdfd565b56261302f7e1fcc27c4fb8f32d56eab74db621fc154604a7a1"},
  "mdns_lite": {:hex, :mdns_lite, "0.8.8", "e455f4d99dc708a9996ae8559f2893429ef39f0ca7d84ee63ce0e4b2f6a00a3f", [:mix], [{:vintage_net, "~> 0.7", [hex: :vintage_net, repo: "hexpm", optional: true]}], "hexpm", "221badb8e7b2a725ef642dc6121a61d8bfb7bad2a70afcc97bce6c9c7ce3c47c"},
  "muontrap": {:hex, :muontrap, "1.3.2", "8942689f0727160d97d61ff25156fb35b7a10e4e925c88378a69a4041cc04257", [:make, :mix], [{:elixir_make, "~> 0.6", [hex: :elixir_make, repo: "hexpm", optional: false]}], "hexpm", "e29715dafdd8184c68516bad103ba1d58c7b3a7e1f5311fbf75c1d617caefa56"},
  "nerves": {:hex, :nerves, "1.10.4", "9c7e1f3e0e2896216c1b623dc05e05ec434d5f3f1d8291d4688b61b1a4f5540d", [:make, :mix], [{:castore, "~> 0.1 or ~> 1.0", [hex: :castore, repo: "hexpm", optional: false]}, {:elixir_make, "~> 0.6", [hex: :elixir_make, repo: "hexpm", optional: false]}, {:jason, "~> 1.2", [hex: :jason, repo: "hexpm", optional: false]}], "hexpm", "2e9c728f1d95e6ce998a4836d2f96f27777663953339d0f85fb68dc11ab48f1d"},
  "nerves_containers_rpi": {:git, "https://github.com/nerves-containers/nerves_containers_rpi.git", "1cac9b33967c8a822b6fdd3436ce4dbbf895d325", [branch: "development"]},
  "nerves_containers_rpi3": {:git, "https://github.com/nerves-containers/nerves_containers_rpi3.git", "2afdecc6ce3d3b64ee55ce3993bf68955222f134", [branch: "development"]},
  "nerves_containers_rpi3_64": {:git, "https://github.com/nerves-containers/nerves_containers_rpi3.git", "142cb39e3228d897eac5311a98a3504f8d7f2627", [branch: "development-64"]},
  "nerves_containers_rpi4": {:git, "https://github.com/nerves-containers/nerves_containers_rpi4.git", "790da55d7fa861d566d742898764a9f6fce9a4fa", [branch: "development"]},
  "nerves_containers_x86_64": {:git, "https://github.com/nerves-containers/nerves_containers_x86_64.git", "f6dc9afaa9098163fe457e0f013c2b8291740480", [branch: "development"]},
  "nerves_containers_x86_64_uefi": {:git, "https://github.com/nerves-containers/nerves_containers_x86_64_uefi.git", "67a5b0c80817b475a99e27bd38e8db49e5c56240", [branch: "development"]},
  "nerves_logging": {:hex, :nerves_logging, "0.2.1", "e58d9ec782dc905dcaf65f60deb725c5fa3ad6a6e830f77b956406086e91e3a0", [:make, :mix], [{:elixir_make, "~> 0.6", [hex: :elixir_make, repo: "hexpm", optional: false]}], "hexpm", "6224ba920db021215378d1f428ff55209ea7815410d5f8113a595b8ba33c1495"},
  "nerves_motd": {:hex, :nerves_motd, "0.1.13", "5ab28a458e8ba8cf7f165573dd413f3ed0f9720dc08eda51c2bcb0d7edffa9ee", [:mix], [{:nerves_runtime, "~> 0.8", [hex: :nerves_runtime, repo: "hexpm", optional: false]}, {:nerves_time, "~> 0.4", [hex: :nerves_time, repo: "hexpm", optional: true]}, {:nerves_time_zones, "~> 0.1", [hex: :nerves_time_zones, repo: "hexpm", optional: true]}], "hexpm", "f3fee43ab52181b0de015eec4a9835b99526170ac83a0f621a155f458e1c9eeb"},
  "nerves_pack": {:hex, :nerves_pack, "0.7.0", "bc93834edbb9321b180dc104440070279eb02159359715f68f770e74ed86a582", [:mix], [{:mdns_lite, "~> 0.8", [hex: :mdns_lite, repo: "hexpm", optional: false]}, {:nerves_motd, "~> 0.1", [hex: :nerves_motd, repo: "hexpm", optional: false]}, {:nerves_runtime, "~> 0.6", [hex: :nerves_runtime, repo: "hexpm", optional: false]}, {:nerves_ssh, "~> 0.3", [hex: :nerves_ssh, repo: "hexpm", optional: false]}, {:nerves_time, "~> 0.3", [hex: :nerves_time, repo: "hexpm", optional: false]}, {:ring_logger, "~> 0.8", [hex: :ring_logger, repo: "hexpm", optional: false]}, {:vintage_net, "~> 0.10", [hex: :vintage_net, repo: "hexpm", optional: false]}, {:vintage_net_direct, "~> 0.10", [hex: :vintage_net_direct, repo: "hexpm", optional: false]}, {:vintage_net_ethernet, "~> 0.10", [hex: :vintage_net_ethernet, repo: "hexpm", optional: false]}, {:vintage_net_wifi, "~> 0.10", [hex: :vintage_net_wifi, repo: "hexpm", optional: false]}], "hexpm", "65a43ea78c10938c87c72d6d42a82c05e831e9a95a0ea26fe8f9d848c009cc57"},
  "nerves_runtime": {:hex, :nerves_runtime, "0.13.5", "48e34db28467e279338e654a274c5268df90941b794ec76864e45e5f1f7f93d5", [:mix], [{:nerves_logging, "~> 0.2.0", [hex: :nerves_logging, repo: "hexpm", optional: false]}, {:nerves_uevent, "~> 0.1.0", [hex: :nerves_uevent, repo: "hexpm", optional: false]}, {:uboot_env, "~> 0.3.0 or ~> 1.0", [hex: :uboot_env, repo: "hexpm", optional: false]}], "hexpm", "bb532e2e8760994748072ceb9dc2459f3fee326fdcffb5d105f038083dbb0196"},
  "nerves_ssh": {:git, "https://github.com/SteffenDE/nerves_ssh.git", "b8181a9725635a61286eddd9b0834d1010670473", [branch: "unix_shell"]},
  "nerves_system_bbb": {:hex, :nerves_system_bbb, "2.19.1", "433cbd58ba177b03244b720ee71790d0c6d050e0f6b4a7947cc5f663dd9782eb", [:mix], [{:nerves, "~> 1.6.0 or ~> 1.7.15 or ~> 1.8", [hex: :nerves, repo: "hexpm", optional: false]}, {:nerves_system_br, "1.24.1", [hex: :nerves_system_br, repo: "hexpm", optional: false]}, {:nerves_toolchain_armv7_nerves_linux_gnueabihf, "~> 1.8.0", [hex: :nerves_toolchain_armv7_nerves_linux_gnueabihf, repo: "hexpm", optional: false]}], "hexpm", "f0d7d6e1b68e5fcf1b2022e34a67f879e0ce2222db1ed0c2563b80010688b535"},
  "nerves_system_br": {:hex, :nerves_system_br, "1.21.3", "165e41a5c68cc89b2025f785b37d688ef61fa15d32ba928e7e8dc950a98ffe97", [:mix], [], "hexpm", "eef38b73f6cb8782fddfcca36353d8e257df04d33a41dfc18636d0b67952ea48"},
  "nerves_system_grisp2": {:hex, :nerves_system_grisp2, "0.8.1", "6804234b44c3b8d7ceec794a1506d6cd707b1c5b62307a1c38f3189f255a7a85", [:mix], [{:nerves, "~> 1.6.0 or ~> 1.7.15 or ~> 1.8", [hex: :nerves, repo: "hexpm", optional: false]}, {:nerves_system_br, "1.24.1", [hex: :nerves_system_br, repo: "hexpm", optional: false]}, {:nerves_toolchain_armv7_nerves_linux_gnueabihf, "~> 1.8.0", [hex: :nerves_toolchain_armv7_nerves_linux_gnueabihf, repo: "hexpm", optional: false]}], "hexpm", "4a34ab31260975ad6deab0309c6a4993776bb8ebe8e5660d2776471be7e50bbe"},
  "nerves_system_mangopi_mq_pro": {:hex, :nerves_system_mangopi_mq_pro, "0.6.1", "9c6db766bdc880d49deaf28d722b5ba3e6dbbfc91bc89703055b85e655d27ced", [:mix], [{:nerves, "~> 1.6.0 or ~> 1.7.15 or ~> 1.8", [hex: :nerves, repo: "hexpm", optional: false]}, {:nerves_system_br, "1.24.1", [hex: :nerves_system_br, repo: "hexpm", optional: false]}, {:nerves_toolchain_riscv64_nerves_linux_gnu, "~> 1.8.0", [hex: :nerves_toolchain_riscv64_nerves_linux_gnu, repo: "hexpm", optional: false]}], "hexpm", "3bc073e0ee35deb3ed71b24289fda23cda46301490ef84fc31d303983ba6fd11"},
  "nerves_system_osd32mp1": {:hex, :nerves_system_osd32mp1, "0.15.1", "f96c68a9c0d15a874d88369ee6dd54575e1ec2cea5e49661eb55198377fec26b", [:mix], [{:nerves, "~> 1.6.0 or ~> 1.7.15 or ~> 1.8", [hex: :nerves, repo: "hexpm", optional: false]}, {:nerves_system_br, "1.24.1", [hex: :nerves_system_br, repo: "hexpm", optional: false]}, {:nerves_toolchain_armv7_nerves_linux_gnueabihf, "~> 1.8.0", [hex: :nerves_toolchain_armv7_nerves_linux_gnueabihf, repo: "hexpm", optional: false]}], "hexpm", "ee825f3773960826f6d9a12316ac909f3ed21da42649d4a5b941623937f23095"},
  "nerves_system_rpi": {:hex, :nerves_system_rpi, "1.24.1", "e6d161edf9a9a7f6fbdd49d4cd16b127e48ee35557335422e8b03d851c920453", [:mix], [{:nerves, "~> 1.6.0 or ~> 1.7.15 or ~> 1.8", [hex: :nerves, repo: "hexpm", optional: false]}, {:nerves_system_br, "1.24.1", [hex: :nerves_system_br, repo: "hexpm", optional: false]}, {:nerves_toolchain_armv6_nerves_linux_gnueabihf, "~> 1.8.0", [hex: :nerves_toolchain_armv6_nerves_linux_gnueabihf, repo: "hexpm", optional: false]}], "hexpm", "9280cec6e399224f96a15c563405f2259215cd37d77c3872a9859ef148c31b8a"},
  "nerves_system_rpi0": {:hex, :nerves_system_rpi0, "1.24.1", "f84d13a4558aaa12af0e19f80ca177e3df86256472e24c1151e4d68b36b3859f", [:mix], [{:nerves, "~> 1.6.0 or ~> 1.7.15 or ~> 1.8", [hex: :nerves, repo: "hexpm", optional: false]}, {:nerves_system_br, "1.24.1", [hex: :nerves_system_br, repo: "hexpm", optional: false]}, {:nerves_toolchain_armv6_nerves_linux_gnueabihf, "~> 1.8.0", [hex: :nerves_toolchain_armv6_nerves_linux_gnueabihf, repo: "hexpm", optional: false]}], "hexpm", "87e5bb5ad5a863b851a0dc89cbd971a3eedaa54eeee201f0bf440a2a5f008031"},
  "nerves_system_rpi2": {:hex, :nerves_system_rpi2, "1.24.1", "45c8647b12084135ec62ac652083ae4b20c870ea3e8f7d74aed039ddfda747dc", [:mix], [{:nerves, "~> 1.5.4 or ~> 1.6.0 or ~> 1.7.15 or ~> 1.8", [hex: :nerves, repo: "hexpm", optional: false]}, {:nerves_system_br, "1.24.1", [hex: :nerves_system_br, repo: "hexpm", optional: false]}, {:nerves_toolchain_armv7_nerves_linux_gnueabihf, "~> 1.8.0", [hex: :nerves_toolchain_armv7_nerves_linux_gnueabihf, repo: "hexpm", optional: false]}], "hexpm", "f319eef5eba8892b52d5df3e3bc3b343eb44460d24b2029bc7f92caa6c9bca81"},
  "nerves_system_rpi3": {:hex, :nerves_system_rpi3, "1.24.1", "7ec035c7ff7c420a34a7e015dc37bbe5461a41b3fef2e2e07916db1aee28515e", [:mix], [{:nerves, "~> 1.5.4 or ~> 1.6.0 or ~> 1.7.15 or ~> 1.8", [hex: :nerves, repo: "hexpm", optional: false]}, {:nerves_system_br, "1.24.1", [hex: :nerves_system_br, repo: "hexpm", optional: false]}, {:nerves_toolchain_armv7_nerves_linux_gnueabihf, "~> 1.8.0", [hex: :nerves_toolchain_armv7_nerves_linux_gnueabihf, repo: "hexpm", optional: false]}], "hexpm", "4a5bccb59d271d58983598d5fcd5b75270a8fc5131cde9adcc9f071e01637e62"},
  "nerves_system_rpi3a": {:hex, :nerves_system_rpi3a, "1.24.1", "868face3ff211fad45ac288b8c51e8b16c5a2b3e6967d9f05bbe98223b75bc5d", [:mix], [{:nerves, "~> 1.5.4 or ~> 1.6.0 or ~> 1.7.15 or ~> 1.8", [hex: :nerves, repo: "hexpm", optional: false]}, {:nerves_system_br, "1.24.1", [hex: :nerves_system_br, repo: "hexpm", optional: false]}, {:nerves_toolchain_armv7_nerves_linux_gnueabihf, "~> 1.8.0", [hex: :nerves_toolchain_armv7_nerves_linux_gnueabihf, repo: "hexpm", optional: false]}], "hexpm", "a359025273ba90ec0896c13ee0ed921f7d5c82132e6944f079ab109e822bfff7"},
  "nerves_system_rpi4": {:hex, :nerves_system_rpi4, "1.24.1", "a6f61fa0a76dd2507266ca2d8b66db16f4c65899bd4f3f59a53f54f74a00dac2", [:mix], [{:nerves, "~> 1.5.4 or ~> 1.6.0 or ~> 1.7.15 or ~> 1.8", [hex: :nerves, repo: "hexpm", optional: false]}, {:nerves_system_br, "1.24.1", [hex: :nerves_system_br, repo: "hexpm", optional: false]}, {:nerves_toolchain_aarch64_nerves_linux_gnu, "~> 1.8.0", [hex: :nerves_toolchain_aarch64_nerves_linux_gnu, repo: "hexpm", optional: false]}], "hexpm", "57fdf3e6551716be2cca2ac05eeef33be9603643e36b799b347a20b43997fcc0"},
  "nerves_system_x86_64": {:hex, :nerves_system_x86_64, "1.24.1", "168f9f0182658f3d3912764675d0fa4bf95d254cfb5e011faf42814a887efbca", [:mix], [{:nerves, "~> 1.5.4 or ~> 1.6.0 or ~> 1.7.15 or ~> 1.8", [hex: :nerves, repo: "hexpm", optional: false]}, {:nerves_system_br, "1.24.1", [hex: :nerves_system_br, repo: "hexpm", optional: false]}, {:nerves_toolchain_x86_64_nerves_linux_musl, "~> 1.8.0", [hex: :nerves_toolchain_x86_64_nerves_linux_musl, repo: "hexpm", optional: false]}], "hexpm", "461dce58907a1e0b7c5013d25581b628e1a2ae11056da23005ddf2aee57b685b"},
  "nerves_time": {:hex, :nerves_time, "0.4.6", "f02e5e866149f3884a4b125104a5b677f7e61d271c1f7d87bc989197dc02dae5", [:make, :mix], [{:elixir_make, "~> 0.6", [hex: :elixir_make, repo: "hexpm", optional: false]}, {:muontrap, "~> 0.5 or ~> 1.0", [hex: :muontrap, repo: "hexpm", optional: false]}], "hexpm", "1fecb9e9dd098c0e93d35205a79e604831779f2d2313cfe7c31d181678e26ce6"},
  "nerves_toolchain_aarch64_nerves_linux_gnu": {:hex, :nerves_toolchain_aarch64_nerves_linux_gnu, "1.6.1", "2ddc1aecb55b55e1cf18b7252b8074418c1b7dd5497e1e6a167b5a9fb40955a9", [:mix], [{:nerves, "~> 1.4", [hex: :nerves, repo: "hexpm", optional: false]}, {:nerves_toolchain_ctng, "~> 1.9.0", [hex: :nerves_toolchain_ctng, repo: "hexpm", optional: false]}], "hexpm", "57ed1c2df89c7425aadfb18c8e7da6b9d1be9ffeafa1d54061cc8abe6e5e0e4c"},
  "nerves_toolchain_armv6_nerves_linux_gnueabihf": {:hex, :nerves_toolchain_armv6_nerves_linux_gnueabihf, "1.6.1", "1ee7ae5a3b1bfbddc82803edd2344045c00a57310c1db473e6e71dba7f564810", [:mix], [{:nerves, "~> 1.0", [hex: :nerves, repo: "hexpm", optional: false]}, {:nerves_toolchain_ctng, "~> 1.9.0", [hex: :nerves_toolchain_ctng, repo: "hexpm", optional: false]}], "hexpm", "1293767fb33b1b0775d64d1abd6799edaa9c35fb05546e67d7181b785308b338"},
  "nerves_toolchain_armv7_nerves_linux_gnueabihf": {:hex, :nerves_toolchain_armv7_nerves_linux_gnueabihf, "1.6.1", "4014bc32142ef980e39af90e1377747095f3f3f8517e41815a23638ef1711702", [:mix], [{:nerves, "~> 1.0", [hex: :nerves, repo: "hexpm", optional: false]}, {:nerves_toolchain_ctng, "~> 1.9.0", [hex: :nerves_toolchain_ctng, repo: "hexpm", optional: false]}], "hexpm", "20a529ce1ab54677f121ac97333cc6b7c32f75ebb4b83cee7e0934867d61bbb5"},
  "nerves_toolchain_ctng": {:hex, :nerves_toolchain_ctng, "1.9.3", "60e87fde05988c4264babc8d68a9221c7b8fe5dc195b7d1526f29b8e626c735c", [:mix], [{:nerves, "~> 1.0", [hex: :nerves, repo: "hexpm", optional: false]}], "hexpm", "2b6edb0687b7f78d3fa49958d759f647e351b23c1f59f637c617a6dc179994ae"},
  "nerves_toolchain_riscv64_nerves_linux_gnu": {:hex, :nerves_toolchain_riscv64_nerves_linux_gnu, "1.8.0", "576b0e7d95a04cb025deff72a7722b9b26d7943af581a1488513e1da12e946b5", [:mix], [{:nerves, "~> 1.4", [hex: :nerves, repo: "hexpm", optional: false]}, {:nerves_toolchain_ctng, "~> 1.9.3", [hex: :nerves_toolchain_ctng, repo: "hexpm", optional: false]}], "hexpm", "f73ab2d65396907f84c00f47c85d958662f5c31e70c90a52df56eb3b01059ccc"},
  "nerves_toolchain_x86_64_nerves_linux_gnu": {:hex, :nerves_toolchain_x86_64_nerves_linux_gnu, "1.6.1", "ccf1c4144566d2b6eb02a76fcf37328c6b7c72716eea0fbf832b5764de4960b5", [:mix], [{:nerves, "~> 1.0", [hex: :nerves, repo: "hexpm", optional: false]}, {:nerves_toolchain_ctng, "~> 1.9.0", [hex: :nerves_toolchain_ctng, repo: "hexpm", optional: false]}], "hexpm", "d7763ff4d4222ff9fd4980a9af84e92a326a464eaf10ec3c729d9245f2d794f4"},
  "nerves_toolchain_x86_64_nerves_linux_musl": {:hex, :nerves_toolchain_x86_64_nerves_linux_musl, "1.6.1", "3e10d1c8e848afe4c7ea506d89f0a3ea12d63c4e91c6ea6bbc1e458c0ef6f940", [:mix], [{:nerves, "~> 1.0", [hex: :nerves, repo: "hexpm", optional: false]}, {:nerves_toolchain_ctng, "~> 1.9.0", [hex: :nerves_toolchain_ctng, repo: "hexpm", optional: false]}], "hexpm", "8453041055bc2271279674fe284b9e093a1e8bddf931a8502a88afce43c578b2"},
  "nerves_uevent": {:hex, :nerves_uevent, "0.1.0", "651111a46be9a238560cbf7946989fc500e5f33d7035fd9ea7194d07a281bc19", [:make, :mix], [{:elixir_make, "~> 0.6", [hex: :elixir_make, repo: "hexpm", optional: false]}, {:property_table, "~> 0.2.0", [hex: :property_table, repo: "hexpm", optional: false]}], "hexpm", "cb0b1993c3ed3cefadbcdb534e910af0661f95c3445796ce8a7c8be3519a4e5f"},
  "one_dhcpd": {:hex, :one_dhcpd, "2.0.2", "49ae0bc4ecc4bf958a2e3eb9c25149dbb37102b77163ed3f9ebadfe49090b44a", [:make, :mix], [{:elixir_make, "~> 0.6", [hex: :elixir_make, repo: "hexpm", optional: false]}], "hexpm", "f95de030d199c834dacacc8420881e21c27cec60371711bdffd2fc183234cbf8"},
  "property_table": {:hex, :property_table, "0.2.4", "c53e3684b6da8cb77ceee89f8c7a980d6c626429a6653473db29c210b9d53103", [:mix], [], "hexpm", "feae0e06fee2740452dd8375eb2c3407ece12317525491345f141dcbe1b9442c"},
  "ring_logger": {:hex, :ring_logger, "0.10.5", "3cbf444df171e80da1d7e25ecc226375bdda8f31b7b5892784cc2d26d01e5c66", [:mix], [{:circular_buffer, "~> 0.4.0", [hex: :circular_buffer, repo: "hexpm", optional: false]}], "hexpm", "16ac1fb35eea6e0ebeedde695ed973cf27fe43e76d4877bd593b9f8efc754ffe"},
  "shoehorn": {:hex, :shoehorn, "0.9.1", "8e12670024c2942e3c2fdd27cd5a034ee0337ee7c25c37b3ebc2ad482de67199", [:mix], [], "hexpm", "fccd040ac22de9b3cc111bbf78a363832c7210010a3fff4a550fbb2f10de0692"},
  "ssh_subsystem_fwup": {:hex, :ssh_subsystem_fwup, "0.6.1", "628f8e3795de5f1d0e7b3b55de4248ab0a77ab4c47e3cd282f1dda89d6354a9f", [:mix], [], "hexpm", "babdae337f2dc011ab5478662b4ec850650d7acfb165662ae47f6f0ce8892499"},
  "toolshed": {:hex, :toolshed, "0.3.1", "9c7f90c015e8f6034eb43c4f5203ac6226d0db5f1a575ccf69af94b5d77cba64", [:mix], [{:nerves_runtime, "~> 0.8", [hex: :nerves_runtime, repo: "hexpm", optional: true]}], "hexpm", "92fc4a792cd1dbc4fd6963431b5c3511e88454c68e32a30cf17366905b43612e"},
  "uboot_env": {:hex, :uboot_env, "1.0.1", "b0e136cf1a561412ff7db23ed2b6df18d7c7ce2fc59941afd851006788a67f3d", [:mix], [], "hexpm", "b6d4fe7c24123be57ed946c48116d23173e37944bc945b8b76fccc437909c60b"},
  "vintage_net": {:hex, :vintage_net, "0.13.5", "b02cbb44434eba68d8e991e7c9a75d491da73c3073ff4823843e66f451d6f088", [:make, :mix], [{:beam_notify, "~> 0.2.0 or ~> 1.0", [hex: :beam_notify, repo: "hexpm", optional: false]}, {:elixir_make, "~> 0.6", [hex: :elixir_make, repo: "hexpm", optional: false]}, {:gen_state_machine, "~> 2.0.0 or ~> 2.1.0 or ~> 3.0.0", [hex: :gen_state_machine, repo: "hexpm", optional: false]}, {:muontrap, "~> 0.5.1 or ~> 0.6.0 or ~> 1.0", [hex: :muontrap, repo: "hexpm", optional: false]}, {:property_table, "~> 0.2.0", [hex: :property_table, repo: "hexpm", optional: false]}], "hexpm", "67e04b8eaa40600bbea4902aba363792598b31cf144f6033d93d7662b60519ad"},
  "vintage_net_direct": {:hex, :vintage_net_direct, "0.10.7", "940561c375f04d6734ac78100ae1d8ef790ffd7e966f70efb525230fa1bc5774", [:mix], [{:one_dhcpd, "~> 0.2.3 or ~> 1.0 or ~> 2.0", [hex: :one_dhcpd, repo: "hexpm", optional: false]}, {:vintage_net, "~> 0.9.1 or ~> 0.10.0 or ~> 0.11.0 or ~> 0.12.0 or ~> 0.13.0", [hex: :vintage_net, repo: "hexpm", optional: false]}], "hexpm", "c040e9c33220495c28ba4464c5924da00bd4949627c4cb9c99ba1ed96f7b9429"},
  "vintage_net_ethernet": {:hex, :vintage_net_ethernet, "0.11.2", "ef67db5ace9ad5ca5bf229a507247f9eb45b847dc0ff694a6e8a156ed9c5915d", [:mix], [{:vintage_net, "~> 0.12.0 or ~> 0.13.0", [hex: :vintage_net, repo: "hexpm", optional: false]}], "hexpm", "6915f9e15e1aa15e52d1948f318ce5109181d1ad7aaa50016bad5dd8e22df9ea"},
  "vintage_net_wifi": {:hex, :vintage_net_wifi, "0.11.7", "dbebd230366a62f62bdcf3ca72e9d6e18d31854a94e726a213ed4419b517ab3e", [:make, :mix], [{:elixir_make, "~> 0.6", [hex: :elixir_make, repo: "hexpm", optional: false]}, {:vintage_net, "~> 0.12.0 or ~> 0.13.0", [hex: :vintage_net, repo: "hexpm", optional: false]}], "hexpm", "2e3eb5bb6f60bcbfccd3d302ff80ccf52f5dd42abbffae153604e80163fbbc9e"},
}
